
Microsoft Visual Studio Solution File, Format Version 12.00
# Visual Studio Version 17
VisualStudioVersion = 17.7.34221.43
MinimumVisualStudioVersion = 10.0.40219.1
Project("{FAE04EC0-301F-11D3-BF4B-00C04F79EFBC}") = "intheriance", "intheriance.csproj", "{4597212E-062A-45B6-9145-F415733955CC}"
EndProject
Global
	GlobalSection(SolutionConfigurationPlatforms) = preSolution
		Debug|Any CPU = Debug|Any CPU
		Release|Any CPU = Release|Any CPU
	EndGlobalSection
	GlobalSection(ProjectConfigurationPlatforms) = postSolution
		{4597212E-062A-45B6-9145-F415733955CC}.Debug|Any CPU.ActiveCfg = Debug|Any CPU
		{4597212E-062A-45B6-9145-F415733955CC}.Debug|Any CPU.Build.0 = Debug|Any CPU
		{4597212E-062A-45B6-9145-F415733955CC}.Release|Any CPU.ActiveCfg = Release|Any CPU
		{4597212E-062A-45B6-9145-F415733955CC}.Release|Any CPU.Build.0 = Release|Any CPU
	EndGlobalSection
	GlobalSection(SolutionProperties) = preSolution
		HideSolutionNode = FALSE
	EndGlobalSection
	GlobalSection(ExtensibilityGlobals) = postSolution
		SolutionGuid = {4910861E-93CC-440D-81B2-E9096AD8D2FB}
	EndGlobalSection
EndGlobal
